{
  "object": {
    "pins": [
      {
        "package": "SDWebImage",
        "repositoryURL": "https://github.com/dreampiggy/SDWebImage.git",
        "state": {
          "branch": "feature/visionOS",
          "revision": "7d9709248933b26b9f7d56662073a01a82d41c33",
          "version": null
        }
      }
    ]
  },
  "version": 1
}
